
Microsoft Visual Studio Solution File, Format Version 12.00
# Visual Studio Version 17
VisualStudioVersion = 17.4.33205.214
MinimumVisualStudioVersion = 10.0.40219.1
Project("{FAE04EC0-301F-11D3-BF4B-00C04F79EFBC}") = "GTPSimpleParser", "GTPSimpleParser\GTPSimpleParser.csproj", "{8D518317-1552-4889-AAD9-C1CF8B0A7C50}"
EndProject
Global
	GlobalSection(SolutionConfigurationPlatforms) = preSolution
		Debug|Any CPU = Debug|Any CPU
		Release|Any CPU = Release|Any CPU
	EndGlobalSection
	GlobalSection(ProjectConfigurationPlatforms) = postSolution
		{8D518317-1552-4889-AAD9-C1CF8B0A7C50}.Debug|Any CPU.ActiveCfg = Debug|Any CPU
		{8D518317-1552-4889-AAD9-C1CF8B0A7C50}.Debug|Any CPU.Build.0 = Debug|Any CPU
		{8D518317-1552-4889-AAD9-C1CF8B0A7C50}.Release|Any CPU.ActiveCfg = Release|Any CPU
		{8D518317-1552-4889-AAD9-C1CF8B0A7C50}.Release|Any CPU.Build.0 = Release|Any CPU
	EndGlobalSection
	GlobalSection(SolutionProperties) = preSolution
		HideSolutionNode = FALSE
	EndGlobalSection
	GlobalSection(ExtensibilityGlobals) = postSolution
		SolutionGuid = {230D4FF5-4A2B-4637-BD4A-19E822E159DA}
	EndGlobalSection
EndGlobal
